
Microsoft Visual Studio Solution File, Format Version 12.00
# Visual Studio Version 17
VisualStudioVersion = 17.14.36301.6
MinimumVisualStudioVersion = 10.0.40219.1
Project("{FAE04EC0-301F-11D3-BF4B-00C04F79EFBC}") = "First_Program", "First Program\First_Program.csproj", "{D67A62E2-4F0B-40B8-BCB5-7E809FA7AC6F}"
EndProject
Global
	GlobalSection(SolutionConfigurationPlatforms) = preSolution
		Debug|Any CPU = Debug|Any CPU
		Release|Any CPU = Release|Any CPU
	EndGlobalSection
	GlobalSection(ProjectConfigurationPlatforms) = postSolution
		{D67A62E2-4F0B-40B8-BCB5-7E809FA7AC6F}.Debug|Any CPU.ActiveCfg = Debug|Any CPU
		{D67A62E2-4F0B-40B8-BCB5-7E809FA7AC6F}.Debug|Any CPU.Build.0 = Debug|Any CPU
		{D67A62E2-4F0B-40B8-BCB5-7E809FA7AC6F}.Release|Any CPU.ActiveCfg = Release|Any CPU
		{D67A62E2-4F0B-40B8-BCB5-7E809FA7AC6F}.Release|Any CPU.Build.0 = Release|Any CPU
	EndGlobalSection
	GlobalSection(SolutionProperties) = preSolution
		HideSolutionNode = FALSE
	EndGlobalSection
	GlobalSection(ExtensibilityGlobals) = postSolution
		SolutionGuid = {E8A2F790-9DF0-4AE4-AF89-7522CC801B51}
	EndGlobalSection
EndGlobal
